// !$*UTF8*$!
{
	archiveVersion = 1;
	classes = {
	};
	objectVersion = 50;
	objects = {

/* Begin PBXBuildFile section */
		AA9188EF244F941B00D0BACB /* AppDelegate.swift in Sources */ = {isa = PBXBuildFile; fileRef = AA9188EE244F941B00D0BACB /* AppDelegate.swift */; };
		AA9188F1244F941B00D0BACB /* SceneDelegate.swift in Sources */ = {isa = PBXBuildFile; fileRef = AA9188F0244F941B00D0BACB /* SceneDelegate.swift */; };
		AA9188F3244F941B00D0BACB /* MealViewController.swift in Sources */ = {isa = PBXBuildFile; fileRef = AA9188F2244F941B00D0BACB /* MealViewController.swift */; };
		AA9188F6244F941B00D0BACB /* Main.storyboard in Resources */ = {isa = PBXBuildFile; fileRef = AA9188F4244F941B00D0BACB /* Main.storyboard */; };
		AA9188F8244F942000D0BACB /* Assets.xcassets in Resources */ = {isa = PBXBuildFile; fileRef = AA9188F7244F942000D0BACB /* Assets.xcassets */; };
		AA9188FB244F942000D0BACB /* LaunchScreen.storyboard in Resources */ = {isa = PBXBuildFile; fileRef = AA9188F9244F942000D0BACB /* LaunchScreen.storyboard */; };
		AA918903244FC4DD00D0BACB /* RatingControl.swift in Sources */ = {isa = PBXBuildFile; fileRef = AA918902244FC4DD00D0BACB /* RatingControl.swift */; };
		AA918905245290FA00D0BACB /* Meal.swift in Sources */ = {isa = PBXBuildFile; fileRef = AA918904245290FA00D0BACB /* Meal.swift */; };
		AA918908245375D300D0BACB /* MealTableViewCell.swift in Sources */ = {isa = PBXBuildFile; fileRef = AA918907245375D300D0BACB /* MealTableViewCell.swift */; };
		AA91890E2453854300D0BACB /* MealTableViewController.swift in Sources */ = {isa = PBXBuildFile; fileRef = AA91890D2453854200D0BACB /* MealTableViewController.swift */; };
/* End PBXBuildFile section */

/* Begin PBXFileReference section */
		AA9188EB244F941B00D0BACB /* FoodTracker.app */ = {isa = PBXFileReference; explicitFileType = wrapper.application; includeInIndex = 0; path = FoodTracker.app; sourceTree = BUILT_PRODUCTS_DIR; };
		AA9188EE244F941B00D0BACB /* AppDelegate.swift */ = {isa = PBXFileReference; lastKnownFileType = sourcecode.swift; path = AppDelegate.swift; sourceTree = "<group>"; };
		AA9188F0244F941B00D0BACB /* SceneDelegate.swift */ = {isa = PBXFileReference; lastKnownFileType = sourcecode.swift; path = SceneDelegate.swift; sourceTree = "<group>"; };
		AA9188F2244F941B00D0BACB /* MealViewController.swift */ = {isa = PBXFileReference; lastKnownFileType = sourcecode.swift; path = MealViewController.swift; sourceTree = "<group>"; };
		AA9188F5244F941B00D0BACB /* Base */ = {isa = PBXFileReference; lastKnownFileType = file.storyboard; name = Base; path = Base.lproj/Main.storyboard; sourceTree = "<group>"; };
		AA9188F7244F942000D0BACB /* Assets.xcassets */ = {isa = PBXFileReference; lastKnownFileType = folder.assetcatalog; path = Assets.xcassets; sourceTree = "<group>"; };
		AA9188FA244F942000D0BACB /* Base */ = {isa = PBXFileReference; lastKnownFileType = file.storyboard; name = Base; path = Base.lproj/LaunchScreen.storyboard; sourceTree = "<group>"; };
		AA9188FC244F942000D0BACB /* Info.plist */ = {isa = PBXFileReference; lastKnownFileType = text.plist.xml; path = Info.plist; sourceTree = "<group>"; };
		AA918902244FC4DD00D0BACB /* RatingControl.swift */ = {isa = PBXFileReference; lastKnownFileType = sourcecode.swift; path = RatingControl.swift; sourceTree = "<group>"; };
		AA918904245290FA00D0BACB /* Meal.swift */ = {isa = PBXFileReference; lastKnownFileType = sourcecode.swift; path = Meal.swift; sourceTree = "<group>"; };
		AA918907245375D300D0BACB /* MealTableViewCell.swift */ = {isa = PBXFileReference; lastKnownFileType = sourcecode.swift; path = MealTableViewCell.swift; sourceTree = "<group>"; };
		AA91890D2453854200D0BACB /* MealTableViewController.swift */ = {isa = PBXFileReference; lastKnownFileType = sourcecode.swift; path = MealTableViewController.swift; sourceTree = "<group>"; };
/* End PBXFileReference section */

/* Begin PBXFrameworksBuildPhase section */
		AA9188E8244F941A00D0BACB /* Frameworks */ = {
			isa = PBXFrameworksBuildPhase;
			buildActionMask = 2147483647;
			files = (
			);
			runOnlyForDeploymentPostprocessing = 0;
		};
/* End PBXFrameworksBuildPhase section */

/* Begin PBXGroup section */
		AA9188E2244F941A00D0BACB = {
			isa = PBXGroup;
			children = (
				AA9188ED244F941B00D0BACB /* FoodTracker */,
				AA9188EC244F941B00D0BACB /* Products */,
			);
			sourceTree = "<group>";
		};
		AA9188EC244F941B00D0BACB /* Products */ = {
			isa = PBXGroup;
			children = (
				AA9188EB244F941B00D0BACB /* FoodTracker.app */,
			);
			name = Products;
			sourceTree = "<group>";
		};
		AA9188ED244F941B00D0BACB /* FoodTracker */ = {
			isa = PBXGroup;
			children = (
				AA9188EE244F941B00D0BACB /* AppDelegate.swift */,
				AA9188F0244F941B00D0BACB /* SceneDelegate.swift */,
				AA9188F2244F941B00D0BACB /* MealViewController.swift */,
				AA918902244FC4DD00D0BACB /* RatingControl.swift */,
				AA918904245290FA00D0BACB /* Meal.swift */,
				AA918907245375D300D0BACB /* MealTableViewCell.swift */,
				AA91890D2453854200D0BACB /* MealTableViewController.swift */,
				AA9188F4244F941B00D0BACB /* Main.storyboard */,
				AA9188F7244F942000D0BACB /* Assets.xcassets */,
				AA9188F9244F942000D0BACB /* LaunchScreen.storyboard */,
				AA9188FC244F942000D0BACB /* Info.plist */,
			);
			path = FoodTracker;
			sourceTree = "<group>";
		};
/* End PBXGroup section */

/* Begin PBXNativeTarget section */
		AA9188EA244F941A00D0BACB /* FoodTracker */ = {
			isa = PBXNativeTarget;
			buildConfigurationList = AA9188FF244F942000D0BACB /* Build configuration list for PBXNativeTarget "FoodTracker" */;
			buildPhases = (
				AA9188E7244F941A00D0BACB /* Sources */,
				AA9188E8244F941A00D0BACB /* Frameworks */,
				AA9188E9244F941A00D0BACB /* Resources */,
			);
			buildRules = (
			);
			dependencies = (
			);
			name = FoodTracker;
			productName = FoodTracker;
			productReference = AA9188EB244F941B00D0BACB /* FoodTracker.app */;
			productType = "com.apple.product-type.application";
		};
/* End PBXNativeTarget section */

/* Begin PBXProject section */
		AA9188E3244F941A00D0BACB /* Project object */ = {
			isa = PBXProject;
			attributes = {
				LastSwiftUpdateCheck = 1130;
				LastUpgradeCheck = 1130;
				ORGANIZATIONNAME = "Haydn Wiese";
				TargetAttributes = {
					AA9188EA244F941A00D0BACB = {
						CreatedOnToolsVersion = 11.3.1;
					};
				};
			};
			buildConfigurationList = AA9188E6244F941A00D0BACB /* Build configuration list for PBXProject "FoodTracker" */;
			compatibilityVersion = "Xcode 9.3";
			developmentRegion = en;
			hasScannedForEncodings = 0;
			knownRegions = (
				en,
				Base,
			);
			mainGroup = AA9188E2244F941A00D0BACB;
			productRefGroup = AA9188EC244F941B00D0BACB /* Products */;
			projectDirPath = "";
			projectRoot = "";
			targets = (
				AA9188EA244F941A00D0BACB /* FoodTracker */,
			);
		};
/* End PBXProject section */

/* Begin PBXResourcesBuildPhase section */
		AA9188E9244F941A00D0BACB /* Resources */ = {
			isa = PBXResourcesBuildPhase;
			buildActionMask = 2147483647;
			files = (
				AA9188FB244F942000D0BACB /* LaunchScreen.storyboard in Resources */,
				AA9188F8244F942000D0BACB /* Assets.xcassets in Resources */,
				AA9188F6244F941B00D0BACB /* Main.storyboard in Resources */,
			);
			runOnlyForDeploymentPostprocessing = 0;
		};
/* End PBXResourcesBuildPhase section */

/* Begin PBXSourcesBuildPhase section */
		AA9188E7244F941A00D0BACB /* Sources */ = {
			isa = PBXSourcesBuildPhase;
			buildActionMask = 2147483647;
			files = (
				AA918905245290FA00D0BACB /* Meal.swift in Sources */,
				AA918903244FC4DD00D0BACB /* RatingControl.swift in Sources */,
				AA91890E2453854300D0BACB /* MealTableViewController.swift in Sources */,
				AA918908245375D300D0BACB /* MealTableViewCell.swift in Sources */,
				AA9188F3244F941B00D0BACB /* MealViewController.swift in Sources */,
				AA9188EF244F941B00D0BACB /* AppDelegate.swift in Sources */,
				AA9188F1244F941B00D0BACB /* SceneDelegate.swift in Sources */,
			);
			runOnlyForDeploymentPostprocessing = 0;
		};
/* End PBXSourcesBuildPhase section */

/* Begin PBXVariantGroup section */
		AA9188F4244F941B00D0BACB /* Main.storyboard */ = {
			isa = PBXVariantGroup;
			children = (
				AA9188F5244F941B00D0BACB /* Base */,
			);
			name = Main.storyboard;
			sourceTree = "<group>";
		};
		AA9188F9244F942000D0BACB /* LaunchScreen.storyboard */ = {
			isa = PBXVariantGroup;
			children = (
				AA9188FA244F942000D0BACB /* Base */,
			);
			name = LaunchScreen.storyboard;
			sourceTree = "<group>";
		};
/* End PBXVariantGroup section */

/* Begin XCBuildConfiguration section */
		AA9188FD244F942000D0BACB /* Debug */ = {
			isa = XCBuildConfiguration;
			buildSettings = {
				ALWAYS_SEARCH_USER_PATHS = NO;
				CLANG_ANALYZER_NONNULL = YES;
				CLANG_ANALYZER_NUMBER_OBJECT_CONVERSION = YES_AGGRESSIVE;
				CLANG_CXX_LANGUAGE_STANDARD = "gnu++14";
				CLANG_CXX_LIBRARY = "libc++";
				CLANG_ENABLE_MODULES = YES;
				CLANG_ENABLE_OBJC_ARC = YES;
				CLANG_ENABLE_OBJC_WEAK = YES;
				CLANG_WARN_BLOCK_CAPTURE_AUTORELEASING = YES;
				CLANG_WARN_BOOL_CONVERSION = YES;
				CLANG_WARN_COMMA = YES;
				CLANG_WARN_CONSTANT_CONVERSION = YES;
				CLANG_WARN_DEPRECATED_OBJC_IMPLEMENTATIONS = YES;
				CLANG_WARN_DIRECT_OBJC_ISA_USAGE = YES_ERROR;
				CLANG_WARN_DOCUMENTATION_COMMENTS = YES;
				CLANG_WARN_EMPTY_BODY = YES;
				CLANG_WARN_ENUM_CONVERSION = YES;
				CLANG_WARN_INFINITE_RECURSION = YES;
				CLANG_WARN_INT_CONVERSION = YES;
				CLANG_WARN_NON_LITERAL_NULL_CONVERSION = YES;
				CLANG_WARN_OBJC_IMPLICIT_RETAIN_SELF = YES;
				CLANG_WARN_OBJC_LITERAL_CONVERSION = YES;
				CLANG_WARN_OBJC_ROOT_CLASS = YES_ERROR;
				CLANG_WARN_RANGE_LOOP_ANALYSIS = YES;
				CLANG_WARN_STRICT_PROTOTYPES = YES;
				CLANG_WARN_SUSPICIOUS_MOVE = YES;
				CLANG_WARN_UNGUARDED_AVAILABILITY = YES_AGGRESSIVE;
				CLANG_WARN_UNREACHABLE_CODE = YES;
				CLANG_WARN__DUPLICATE_METHOD_MATCH = YES;
				COPY_PHASE_STRIP = NO;
				DEBUG_INFORMATION_FORMAT = dwarf;
				ENABLE_STRICT_OBJC_MSGSEND = YES;
				ENABLE_TESTABILITY = YES;
				GCC_C_LANGUAGE_STANDARD = gnu11;
				GCC_DYNAMIC_NO_PIC = NO;
				GCC_NO_COMMON_BLOCKS = YES;
				GCC_OPTIMIZATION_LEVEL = 0;
				GCC_PREPROCESSOR_DEFINITIONS = (
					"DEBUG=1",
					"$(inherited)",
				);
				GCC_WARN_64_TO_32_BIT_CONVERSION = YES;
				GCC_WARN_ABOUT_RETURN_TYPE = YES_ERROR;
				GCC_WARN_UNDECLARED_SELECTOR = YES;
				GCC_WARN_UNINITIALIZED_AUTOS = YES_AGGRESSIVE;
				GCC_WARN_UNUSED_FUNCTION = YES;
				GCC_WARN_UNUSED_VARIABLE = YES;
				IPHONEOS_DEPLOYMENT_TARGET = 13.2;
				MTL_ENABLE_DEBUG_INFO = INCLUDE_SOURCE;
				MTL_FAST_MATH = YES;
				ONLY_ACTIVE_ARCH = YES;
				SDKROOT = iphoneos;
				SWIFT_ACTIVE_COMPILATION_CONDITIONS = DEBUG;
				SWIFT_OPTIMIZATION_LEVEL = "-Onone";
			};
			name = Debug;
		};
		AA9188FE244F942000D0BACB /* Release */ = {
			isa = XCBuildConfiguration;
			buildSettings = {
				ALWAYS_SEARCH_USER_PATHS = NO;
				CLANG_ANALYZER_NONNULL = YES;
				CLANG_ANALYZER_NUMBER_OBJECT_CONVERSION = YES_AGGRESSIVE;
				CLANG_CXX_LANGUAGE_STANDARD = "gnu++14";
				CLANG_CXX_LIBRARY = "libc++";
				CLANG_ENABLE_MODULES = YES;
				CLANG_ENABLE_OBJC_ARC = YES;
				CLANG_ENABLE_OBJC_WEAK = YES;
				CLANG_WARN_BLOCK_CAPTURE_AUTORELEASING = YES;
				CLANG_WARN_BOOL_CONVERSION = YES;
				CLANG_WARN_COMMA = YES;
				CLANG_WARN_CONSTANT_CONVERSION = YES;
				CLANG_WARN_DEPRECATED_OBJC_IMPLEMENTATIONS = YES;
				CLANG_WARN_DIRECT_OBJC_ISA_USAGE = YES_ERROR;
				CLANG_WARN_DOCUMENTATION_COMMENTS = YES;
				CLANG_WARN_EMPTY_BODY = YES;
				CLANG_WARN_ENUM_CONVERSION = YES;
				CLANG_WARN_INFINITE_RECURSION = YES;
				CLANG_WARN_INT_CONVERSION = YES;
				CLANG_WARN_NON_LITERAL_NULL_CONVERSION = YES;
				CLANG_WARN_OBJC_IMPLICIT_RETAIN_SELF = YES;
				CLANG_WARN_OBJC_LITERAL_CONVERSION = YES;
				CLANG_WARN_OBJC_ROOT_CLASS = YES_ERROR;
				CLANG_WARN_RANGE_LOOP_ANALYSIS = YES;
				CLANG_WARN_STRICT_PROTOTYPES = YES;
				CLANG_WARN_SUSPICIOUS_MOVE = YES;
				CLANG_WARN_UNGUARDED_AVAILABILITY = YES_AGGRESSIVE;
				CLANG_WARN_UNREACHABLE_CODE = YES;
				CLANG_WARN__DUPLICATE_METHOD_MATCH = YES;
				COPY_PHASE_STRIP = NO;
				DEBUG_INFORMATION_FORMAT = "dwarf-with-dsym";
				ENABLE_NS_ASSERTIONS = NO;
				ENABLE_STRICT_OBJC_MSGSEND = YES;
				GCC_C_LANGUAGE_STANDARD = gnu11;
				GCC_NO_COMMON_BLOCKS = YES;
				GCC_WARN_64_TO_32_BIT_CONVERSION = YES;
				GCC_WARN_ABOUT_RETURN_TYPE = YES_ERROR;
				GCC_WARN_UNDECLARED_SELECTOR = YES;
				GCC_WARN_UNINITIALIZED_AUTOS = YES_AGGRESSIVE;
				GCC_WARN_UNUSED_FUNCTION = YES;
				GCC_WARN_UNUSED_VARIABLE = YES;
				IPHONEOS_DEPLOYMENT_TARGET = 13.2;
				MTL_ENABLE_DEBUG_INFO = NO;
				MTL_FAST_MATH = YES;
				SDKROOT = iphoneos;
				SWIFT_COMPILATION_MODE = wholemodule;
				SWIFT_OPTIMIZATION_LEVEL = "-O";
				VALIDATE_PRODUCT = YES;
			};
			name = Release;
		};
		AA918900244F942000D0BACB /* Debug */ = {
			isa = XCBuildConfiguration;
			buildSettings = {
				ASSETCATALOG_COMPILER_APPICON_NAME = AppIcon;
				CODE_SIGN_STYLE = Automatic;
				DEVELOPMENT_TEAM = X662XNZL9X;
				INFOPLIST_FILE = FoodTracker/Info.plist;
				LD_RUNPATH_SEARCH_PATHS = (
					"$(inherited)",
					"@executable_path/Frameworks",
				);
				PRODUCT_BUNDLE_IDENTIFIER = com.wiese.FoodTracker;
				PRODUCT_NAME = "$(TARGET_NAME)";
				SWIFT_VERSION = 5.0;
				TARGETED_DEVICE_FAMILY = "1,2";
			};
			name = Debug;
		};
		AA918901244F942000D0BACB /* Release */ = {
			isa = XCBuildConfiguration;
			buildSettings = {
				ASSETCATALOG_COMPILER_APPICON_NAME = AppIcon;
				CODE_SIGN_STYLE = Automatic;
				DEVELOPMENT_TEAM = X662XNZL9X;
				INFOPLIST_FILE = FoodTracker/Info.plist;
				LD_RUNPATH_SEARCH_PATHS = (
					"$(inherited)",
					"@executable_path/Frameworks",
				);
				PRODUCT_BUNDLE_IDENTIFIER = com.wiese.FoodTracker;
				PRODUCT_NAME = "$(TARGET_NAME)";
				SWIFT_VERSION = 5.0;
				TARGETED_DEVICE_FAMILY = "1,2";
			};
			name = Release;
		};
/* End XCBuildConfiguration section */

/* Begin XCConfigurationList section */
		AA9188E6244F941A00D0BACB /* Build configuration list for PBXProject "FoodTracker" */ = {
			isa = XCConfigurationList;
			buildConfigurations = (
				AA9188FD244F942000D0BACB /* Debug */,
				AA9188FE244F942000D0BACB /* Release */,
			);
			defaultConfigurationIsVisible = 0;
			defaultConfigurationName = Release;
		};
		AA9188FF244F942000D0BACB /* Build configuration list for PBXNativeTarget "FoodTracker" */ = {
			isa = XCConfigurationList;
			buildConfigurations = (
				AA918900244F942000D0BACB /* Debug */,
				AA918901244F942000D0BACB /* Release */,
			);
			defaultConfigurationIsVisible = 0;
			defaultConfigurationName = Release;
		};
/* End XCConfigurationList section */
	};
	rootObject = AA9188E3244F941A00D0BACB /* Project object */;
}
