// !$*UTF8*$!
{
	archiveVersion = 1;
	classes = {
	};
	objectVersion = 50;
	objects = {

/* Begin PBXBuildFile section */
		AAB7145125997C0100529132 /* HuliPizzaApp.swift in Sources */ = {isa = PBXBuildFile; fileRef = AAB7145025997C0100529132 /* HuliPizzaApp.swift */; };
		AAB7145325997C0100529132 /* ContentView.swift in Sources */ = {isa = PBXBuildFile; fileRef = AAB7145225997C0100529132 /* ContentView.swift */; };
		AAB7145525997C0300529132 /* Assets.xcassets in Resources */ = {isa = PBXBuildFile; fileRef = AAB7145425997C0300529132 /* Assets.xcassets */; };
		AAB7145825997C0300529132 /* Preview Assets.xcassets in Resources */ = {isa = PBXBuildFile; fileRef = AAB7145725997C0300529132 /* Preview Assets.xcassets */; };
		AAB7146525998E4500529132 /* OrderListView.swift in Sources */ = {isa = PBXBuildFile; fileRef = AAB7146425998E4500529132 /* OrderListView.swift */; };
		AAB7146E25998EF400529132 /* MenuListView.swift in Sources */ = {isa = PBXBuildFile; fileRef = AAB7146D25998EF400529132 /* MenuListView.swift */; };
		AAB7147125998F5400529132 /* ContentHeaderView.swift in Sources */ = {isa = PBXBuildFile; fileRef = AAB7147025998F5400529132 /* ContentHeaderView.swift */; };
		AAB71474259994D200529132 /* OrderRowView.swift in Sources */ = {isa = PBXBuildFile; fileRef = AAB71473259994D200529132 /* OrderRowView.swift */; };
		AAB714772599952C00529132 /* MenuRowView.swift in Sources */ = {isa = PBXBuildFile; fileRef = AAB714762599952C00529132 /* MenuRowView.swift */; };
		AAB7147A2599956800529132 /* RatingsView.swift in Sources */ = {isa = PBXBuildFile; fileRef = AAB714792599956800529132 /* RatingsView.swift */; };
		AAB7147E259995D300529132 /* PageTitleView.swift in Sources */ = {isa = PBXBuildFile; fileRef = AAB7147D259995D300529132 /* PageTitleView.swift */; };
		AAB714812599988300529132 /* HistoryRowView.swift in Sources */ = {isa = PBXBuildFile; fileRef = AAB714802599988300529132 /* HistoryRowView.swift */; };
		AAB71484259998E200529132 /* HistoryListView.swift in Sources */ = {isa = PBXBuildFile; fileRef = AAB71483259998E200529132 /* HistoryListView.swift */; };
		AAB714872599991B00529132 /* HistoryView.swift in Sources */ = {isa = PBXBuildFile; fileRef = AAB714862599991B00529132 /* HistoryView.swift */; };
/* End PBXBuildFile section */

/* Begin PBXFileReference section */
		AAB7144D25997C0100529132 /* HuliPizza.app */ = {isa = PBXFileReference; explicitFileType = wrapper.application; includeInIndex = 0; path = HuliPizza.app; sourceTree = BUILT_PRODUCTS_DIR; };
		AAB7145025997C0100529132 /* HuliPizzaApp.swift */ = {isa = PBXFileReference; lastKnownFileType = sourcecode.swift; path = HuliPizzaApp.swift; sourceTree = "<group>"; };
		AAB7145225997C0100529132 /* ContentView.swift */ = {isa = PBXFileReference; lastKnownFileType = sourcecode.swift; path = ContentView.swift; sourceTree = "<group>"; };
		AAB7145425997C0300529132 /* Assets.xcassets */ = {isa = PBXFileReference; lastKnownFileType = folder.assetcatalog; path = Assets.xcassets; sourceTree = "<group>"; };
		AAB7145725997C0300529132 /* Preview Assets.xcassets */ = {isa = PBXFileReference; lastKnownFileType = folder.assetcatalog; path = "Preview Assets.xcassets"; sourceTree = "<group>"; };
		AAB7145925997C0300529132 /* Info.plist */ = {isa = PBXFileReference; lastKnownFileType = text.plist.xml; path = Info.plist; sourceTree = "<group>"; };
		AAB7146425998E4500529132 /* OrderListView.swift */ = {isa = PBXFileReference; lastKnownFileType = sourcecode.swift; path = OrderListView.swift; sourceTree = "<group>"; };
		AAB7146D25998EF400529132 /* MenuListView.swift */ = {isa = PBXFileReference; lastKnownFileType = sourcecode.swift; name = MenuListView.swift; path = HuliPizza/OrderView/MenuListView.swift; sourceTree = SOURCE_ROOT; };
		AAB7147025998F5400529132 /* ContentHeaderView.swift */ = {isa = PBXFileReference; lastKnownFileType = sourcecode.swift; path = ContentHeaderView.swift; sourceTree = "<group>"; };
		AAB71473259994D200529132 /* OrderRowView.swift */ = {isa = PBXFileReference; lastKnownFileType = sourcecode.swift; path = OrderRowView.swift; sourceTree = "<group>"; };
		AAB714762599952C00529132 /* MenuRowView.swift */ = {isa = PBXFileReference; lastKnownFileType = sourcecode.swift; path = MenuRowView.swift; sourceTree = "<group>"; };
		AAB714792599956800529132 /* RatingsView.swift */ = {isa = PBXFileReference; lastKnownFileType = sourcecode.swift; path = RatingsView.swift; sourceTree = "<group>"; };
		AAB7147D259995D300529132 /* PageTitleView.swift */ = {isa = PBXFileReference; lastKnownFileType = sourcecode.swift; path = PageTitleView.swift; sourceTree = "<group>"; };
		AAB714802599988300529132 /* HistoryRowView.swift */ = {isa = PBXFileReference; lastKnownFileType = sourcecode.swift; path = HistoryRowView.swift; sourceTree = "<group>"; };
		AAB71483259998E200529132 /* HistoryListView.swift */ = {isa = PBXFileReference; lastKnownFileType = sourcecode.swift; path = HistoryListView.swift; sourceTree = "<group>"; };
		AAB714862599991B00529132 /* HistoryView.swift */ = {isa = PBXFileReference; lastKnownFileType = sourcecode.swift; path = HistoryView.swift; sourceTree = "<group>"; };
/* End PBXFileReference section */

/* Begin PBXFrameworksBuildPhase section */
		AAB7144A25997C0100529132 /* Frameworks */ = {
			isa = PBXFrameworksBuildPhase;
			buildActionMask = 2147483647;
			files = (
			);
			runOnlyForDeploymentPostprocessing = 0;
		};
/* End PBXFrameworksBuildPhase section */

/* Begin PBXGroup section */
		AAB7144425997C0100529132 = {
			isa = PBXGroup;
			children = (
				AAB7144F25997C0100529132 /* HuliPizza */,
				AAB7144E25997C0100529132 /* Products */,
			);
			sourceTree = "<group>";
		};
		AAB7144E25997C0100529132 /* Products */ = {
			isa = PBXGroup;
			children = (
				AAB7144D25997C0100529132 /* HuliPizza.app */,
			);
			name = Products;
			sourceTree = "<group>";
		};
		AAB7144F25997C0100529132 /* HuliPizza */ = {
			isa = PBXGroup;
			children = (
				AAB7145225997C0100529132 /* ContentView.swift */,
				AAB7147025998F5400529132 /* ContentHeaderView.swift */,
				AAB7147D259995D300529132 /* PageTitleView.swift */,
				AAB7146325998DFF00529132 /* OrderView */,
				AAB7146225998DF400529132 /* MenuView */,
				AAB7146125998DEF00529132 /* Model */,
				AAB7146025998DE300529132 /* HistoryView */,
				AAB7145025997C0100529132 /* HuliPizzaApp.swift */,
				AAB7145425997C0300529132 /* Assets.xcassets */,
				AAB7145925997C0300529132 /* Info.plist */,
				AAB7145625997C0300529132 /* Preview Content */,
			);
			path = HuliPizza;
			sourceTree = "<group>";
		};
		AAB7145625997C0300529132 /* Preview Content */ = {
			isa = PBXGroup;
			children = (
				AAB7145725997C0300529132 /* Preview Assets.xcassets */,
			);
			path = "Preview Content";
			sourceTree = "<group>";
		};
		AAB7146025998DE300529132 /* HistoryView */ = {
			isa = PBXGroup;
			children = (
				AAB714802599988300529132 /* HistoryRowView.swift */,
				AAB71483259998E200529132 /* HistoryListView.swift */,
				AAB714862599991B00529132 /* HistoryView.swift */,
			);
			path = HistoryView;
			sourceTree = "<group>";
		};
		AAB7146125998DEF00529132 /* Model */ = {
			isa = PBXGroup;
			children = (
			);
			path = Model;
			sourceTree = "<group>";
		};
		AAB7146225998DF400529132 /* MenuView */ = {
			isa = PBXGroup;
			children = (
				AAB7146D25998EF400529132 /* MenuListView.swift */,
				AAB714762599952C00529132 /* MenuRowView.swift */,
				AAB714792599956800529132 /* RatingsView.swift */,
			);
			path = MenuView;
			sourceTree = "<group>";
		};
		AAB7146325998DFF00529132 /* OrderView */ = {
			isa = PBXGroup;
			children = (
				AAB7146425998E4500529132 /* OrderListView.swift */,
				AAB71473259994D200529132 /* OrderRowView.swift */,
			);
			path = OrderView;
			sourceTree = "<group>";
		};
/* End PBXGroup section */

/* Begin PBXNativeTarget section */
		AAB7144C25997C0100529132 /* HuliPizza */ = {
			isa = PBXNativeTarget;
			buildConfigurationList = AAB7145C25997C0300529132 /* Build configuration list for PBXNativeTarget "HuliPizza" */;
			buildPhases = (
				AAB7144925997C0100529132 /* Sources */,
				AAB7144A25997C0100529132 /* Frameworks */,
				AAB7144B25997C0100529132 /* Resources */,
			);
			buildRules = (
			);
			dependencies = (
			);
			name = HuliPizza;
			productName = HuliPizza;
			productReference = AAB7144D25997C0100529132 /* HuliPizza.app */;
			productType = "com.apple.product-type.application";
		};
/* End PBXNativeTarget section */

/* Begin PBXProject section */
		AAB7144525997C0100529132 /* Project object */ = {
			isa = PBXProject;
			attributes = {
				LastSwiftUpdateCheck = 1230;
				LastUpgradeCheck = 1230;
				TargetAttributes = {
					AAB7144C25997C0100529132 = {
						CreatedOnToolsVersion = 12.3;
					};
				};
			};
			buildConfigurationList = AAB7144825997C0100529132 /* Build configuration list for PBXProject "HuliPizza" */;
			compatibilityVersion = "Xcode 9.3";
			developmentRegion = en;
			hasScannedForEncodings = 0;
			knownRegions = (
				en,
				Base,
			);
			mainGroup = AAB7144425997C0100529132;
			productRefGroup = AAB7144E25997C0100529132 /* Products */;
			projectDirPath = "";
			projectRoot = "";
			targets = (
				AAB7144C25997C0100529132 /* HuliPizza */,
			);
		};
/* End PBXProject section */

/* Begin PBXResourcesBuildPhase section */
		AAB7144B25997C0100529132 /* Resources */ = {
			isa = PBXResourcesBuildPhase;
			buildActionMask = 2147483647;
			files = (
				AAB7145825997C0300529132 /* Preview Assets.xcassets in Resources */,
				AAB7145525997C0300529132 /* Assets.xcassets in Resources */,
			);
			runOnlyForDeploymentPostprocessing = 0;
		};
/* End PBXResourcesBuildPhase section */

/* Begin PBXSourcesBuildPhase section */
		AAB7144925997C0100529132 /* Sources */ = {
			isa = PBXSourcesBuildPhase;
			buildActionMask = 2147483647;
			files = (
				AAB71474259994D200529132 /* OrderRowView.swift in Sources */,
				AAB714872599991B00529132 /* HistoryView.swift in Sources */,
				AAB7147125998F5400529132 /* ContentHeaderView.swift in Sources */,
				AAB7145325997C0100529132 /* ContentView.swift in Sources */,
				AAB7146E25998EF400529132 /* MenuListView.swift in Sources */,
				AAB7145125997C0100529132 /* HuliPizzaApp.swift in Sources */,
				AAB714772599952C00529132 /* MenuRowView.swift in Sources */,
				AAB7147E259995D300529132 /* PageTitleView.swift in Sources */,
				AAB7146525998E4500529132 /* OrderListView.swift in Sources */,
				AAB714812599988300529132 /* HistoryRowView.swift in Sources */,
				AAB7147A2599956800529132 /* RatingsView.swift in Sources */,
				AAB71484259998E200529132 /* HistoryListView.swift in Sources */,
			);
			runOnlyForDeploymentPostprocessing = 0;
		};
/* End PBXSourcesBuildPhase section */

/* Begin XCBuildConfiguration section */
		AAB7145A25997C0300529132 /* Debug */ = {
			isa = XCBuildConfiguration;
			buildSettings = {
				ALWAYS_SEARCH_USER_PATHS = NO;
				CLANG_ANALYZER_NONNULL = YES;
				CLANG_ANALYZER_NUMBER_OBJECT_CONVERSION = YES_AGGRESSIVE;
				CLANG_CXX_LANGUAGE_STANDARD = "gnu++14";
				CLANG_CXX_LIBRARY = "libc++";
				CLANG_ENABLE_MODULES = YES;
				CLANG_ENABLE_OBJC_ARC = YES;
				CLANG_ENABLE_OBJC_WEAK = YES;
				CLANG_WARN_BLOCK_CAPTURE_AUTORELEASING = YES;
				CLANG_WARN_BOOL_CONVERSION = YES;
				CLANG_WARN_COMMA = YES;
				CLANG_WARN_CONSTANT_CONVERSION = YES;
				CLANG_WARN_DEPRECATED_OBJC_IMPLEMENTATIONS = YES;
				CLANG_WARN_DIRECT_OBJC_ISA_USAGE = YES_ERROR;
				CLANG_WARN_DOCUMENTATION_COMMENTS = YES;
				CLANG_WARN_EMPTY_BODY = YES;
				CLANG_WARN_ENUM_CONVERSION = YES;
				CLANG_WARN_INFINITE_RECURSION = YES;
				CLANG_WARN_INT_CONVERSION = YES;
				CLANG_WARN_NON_LITERAL_NULL_CONVERSION = YES;
				CLANG_WARN_OBJC_IMPLICIT_RETAIN_SELF = YES;
				CLANG_WARN_OBJC_LITERAL_CONVERSION = YES;
				CLANG_WARN_OBJC_ROOT_CLASS = YES_ERROR;
				CLANG_WARN_QUOTED_INCLUDE_IN_FRAMEWORK_HEADER = YES;
				CLANG_WARN_RANGE_LOOP_ANALYSIS = YES;
				CLANG_WARN_STRICT_PROTOTYPES = YES;
				CLANG_WARN_SUSPICIOUS_MOVE = YES;
				CLANG_WARN_UNGUARDED_AVAILABILITY = YES_AGGRESSIVE;
				CLANG_WARN_UNREACHABLE_CODE = YES;
				CLANG_WARN__DUPLICATE_METHOD_MATCH = YES;
				COPY_PHASE_STRIP = NO;
				DEBUG_INFORMATION_FORMAT = dwarf;
				ENABLE_STRICT_OBJC_MSGSEND = YES;
				ENABLE_TESTABILITY = YES;
				GCC_C_LANGUAGE_STANDARD = gnu11;
				GCC_DYNAMIC_NO_PIC = NO;
				GCC_NO_COMMON_BLOCKS = YES;
				GCC_OPTIMIZATION_LEVEL = 0;
				GCC_PREPROCESSOR_DEFINITIONS = (
					"DEBUG=1",
					"$(inherited)",
				);
				GCC_WARN_64_TO_32_BIT_CONVERSION = YES;
				GCC_WARN_ABOUT_RETURN_TYPE = YES_ERROR;
				GCC_WARN_UNDECLARED_SELECTOR = YES;
				GCC_WARN_UNINITIALIZED_AUTOS = YES_AGGRESSIVE;
				GCC_WARN_UNUSED_FUNCTION = YES;
				GCC_WARN_UNUSED_VARIABLE = YES;
				IPHONEOS_DEPLOYMENT_TARGET = 14.3;
				MTL_ENABLE_DEBUG_INFO = INCLUDE_SOURCE;
				MTL_FAST_MATH = YES;
				ONLY_ACTIVE_ARCH = YES;
				SDKROOT = iphoneos;
				SWIFT_ACTIVE_COMPILATION_CONDITIONS = DEBUG;
				SWIFT_OPTIMIZATION_LEVEL = "-Onone";
			};
			name = Debug;
		};
		AAB7145B25997C0300529132 /* Release */ = {
			isa = XCBuildConfiguration;
			buildSettings = {
				ALWAYS_SEARCH_USER_PATHS = NO;
				CLANG_ANALYZER_NONNULL = YES;
				CLANG_ANALYZER_NUMBER_OBJECT_CONVERSION = YES_AGGRESSIVE;
				CLANG_CXX_LANGUAGE_STANDARD = "gnu++14";
				CLANG_CXX_LIBRARY = "libc++";
				CLANG_ENABLE_MODULES = YES;
				CLANG_ENABLE_OBJC_ARC = YES;
				CLANG_ENABLE_OBJC_WEAK = YES;
				CLANG_WARN_BLOCK_CAPTURE_AUTORELEASING = YES;
				CLANG_WARN_BOOL_CONVERSION = YES;
				CLANG_WARN_COMMA = YES;
				CLANG_WARN_CONSTANT_CONVERSION = YES;
				CLANG_WARN_DEPRECATED_OBJC_IMPLEMENTATIONS = YES;
				CLANG_WARN_DIRECT_OBJC_ISA_USAGE = YES_ERROR;
				CLANG_WARN_DOCUMENTATION_COMMENTS = YES;
				CLANG_WARN_EMPTY_BODY = YES;
				CLANG_WARN_ENUM_CONVERSION = YES;
				CLANG_WARN_INFINITE_RECURSION = YES;
				CLANG_WARN_INT_CONVERSION = YES;
				CLANG_WARN_NON_LITERAL_NULL_CONVERSION = YES;
				CLANG_WARN_OBJC_IMPLICIT_RETAIN_SELF = YES;
				CLANG_WARN_OBJC_LITERAL_CONVERSION = YES;
				CLANG_WARN_OBJC_ROOT_CLASS = YES_ERROR;
				CLANG_WARN_QUOTED_INCLUDE_IN_FRAMEWORK_HEADER = YES;
				CLANG_WARN_RANGE_LOOP_ANALYSIS = YES;
				CLANG_WARN_STRICT_PROTOTYPES = YES;
				CLANG_WARN_SUSPICIOUS_MOVE = YES;
				CLANG_WARN_UNGUARDED_AVAILABILITY = YES_AGGRESSIVE;
				CLANG_WARN_UNREACHABLE_CODE = YES;
				CLANG_WARN__DUPLICATE_METHOD_MATCH = YES;
				COPY_PHASE_STRIP = NO;
				DEBUG_INFORMATION_FORMAT = "dwarf-with-dsym";
				ENABLE_NS_ASSERTIONS = NO;
				ENABLE_STRICT_OBJC_MSGSEND = YES;
				GCC_C_LANGUAGE_STANDARD = gnu11;
				GCC_NO_COMMON_BLOCKS = YES;
				GCC_WARN_64_TO_32_BIT_CONVERSION = YES;
				GCC_WARN_ABOUT_RETURN_TYPE = YES_ERROR;
				GCC_WARN_UNDECLARED_SELECTOR = YES;
				GCC_WARN_UNINITIALIZED_AUTOS = YES_AGGRESSIVE;
				GCC_WARN_UNUSED_FUNCTION = YES;
				GCC_WARN_UNUSED_VARIABLE = YES;
				IPHONEOS_DEPLOYMENT_TARGET = 14.3;
				MTL_ENABLE_DEBUG_INFO = NO;
				MTL_FAST_MATH = YES;
				SDKROOT = iphoneos;
				SWIFT_COMPILATION_MODE = wholemodule;
				SWIFT_OPTIMIZATION_LEVEL = "-O";
				VALIDATE_PRODUCT = YES;
			};
			name = Release;
		};
		AAB7145D25997C0300529132 /* Debug */ = {
			isa = XCBuildConfiguration;
			buildSettings = {
				ASSETCATALOG_COMPILER_APPICON_NAME = AppIcon;
				ASSETCATALOG_COMPILER_GLOBAL_ACCENT_COLOR_NAME = AccentColor;
				CODE_SIGN_STYLE = Automatic;
				DEVELOPMENT_ASSET_PATHS = "\"HuliPizza/Preview Content\"";
				DEVELOPMENT_TEAM = X662XNZL9X;
				ENABLE_PREVIEWS = YES;
				INFOPLIST_FILE = HuliPizza/Info.plist;
				IPHONEOS_DEPLOYMENT_TARGET = 14.0;
				LD_RUNPATH_SEARCH_PATHS = (
					"$(inherited)",
					"@executable_path/Frameworks",
				);
				PRODUCT_BUNDLE_IDENTIFIER = com.haydnwiese.HuliPizza;
				PRODUCT_NAME = "$(TARGET_NAME)";
				SWIFT_VERSION = 5.0;
				TARGETED_DEVICE_FAMILY = "1,2";
			};
			name = Debug;
		};
		AAB7145E25997C0300529132 /* Release */ = {
			isa = XCBuildConfiguration;
			buildSettings = {
				ASSETCATALOG_COMPILER_APPICON_NAME = AppIcon;
				ASSETCATALOG_COMPILER_GLOBAL_ACCENT_COLOR_NAME = AccentColor;
				CODE_SIGN_STYLE = Automatic;
				DEVELOPMENT_ASSET_PATHS = "\"HuliPizza/Preview Content\"";
				DEVELOPMENT_TEAM = X662XNZL9X;
				ENABLE_PREVIEWS = YES;
				INFOPLIST_FILE = HuliPizza/Info.plist;
				IPHONEOS_DEPLOYMENT_TARGET = 14.0;
				LD_RUNPATH_SEARCH_PATHS = (
					"$(inherited)",
					"@executable_path/Frameworks",
				);
				PRODUCT_BUNDLE_IDENTIFIER = com.haydnwiese.HuliPizza;
				PRODUCT_NAME = "$(TARGET_NAME)";
				SWIFT_VERSION = 5.0;
				TARGETED_DEVICE_FAMILY = "1,2";
			};
			name = Release;
		};
/* End XCBuildConfiguration section */

/* Begin XCConfigurationList section */
		AAB7144825997C0100529132 /* Build configuration list for PBXProject "HuliPizza" */ = {
			isa = XCConfigurationList;
			buildConfigurations = (
				AAB7145A25997C0300529132 /* Debug */,
				AAB7145B25997C0300529132 /* Release */,
			);
			defaultConfigurationIsVisible = 0;
			defaultConfigurationName = Release;
		};
		AAB7145C25997C0300529132 /* Build configuration list for PBXNativeTarget "HuliPizza" */ = {
			isa = XCConfigurationList;
			buildConfigurations = (
				AAB7145D25997C0300529132 /* Debug */,
				AAB7145E25997C0300529132 /* Release */,
			);
			defaultConfigurationIsVisible = 0;
			defaultConfigurationName = Release;
		};
/* End XCConfigurationList section */
	};
	rootObject = AAB7144525997C0100529132 /* Project object */;
}
